
Microsoft Visual Studio Solution File, Format Version 12.00
# Visual Studio 15
VisualStudioVersion = 15.0.27004.2009
MinimumVisualStudioVersion = 10.0.40219.1
Project("{9A19103F-16F7-4668-BE54-9A1E7A4F7556}") = "Practica.WebAPI", "Practica.WebAPI\Practica.WebAPI.csproj", "{3E532DCF-5646-4C98-B0BC-9D9F351E6516}"
EndProject
Project("{9A19103F-16F7-4668-BE54-9A1E7A4F7556}") = "Practica.Service", "Practica.Service\Practica.Service.csproj", "{E7567614-DC55-4383-9696-8D58998168ED}"
EndProject
Project("{9A19103F-16F7-4668-BE54-9A1E7A4F7556}") = "Practica.Core", "Practica.Core\Practica.Core.csproj", "{ED34D6D2-A80F-4F61-9696-CFA6C101ED20}"
EndProject
Project("{9A19103F-16F7-4668-BE54-9A1E7A4F7556}") = "Practica.Data", "Practica.Data\Practica.Data.csproj", "{9BE4A28B-0B98-40C1-976F-E8B3B802E5F0}"
EndProject
Project("{2150E333-8FDC-42A3-9474-1A3956D46DE8}") = "Libraries", "Libraries", "{2123633A-8D9D-414C-B05B-14177BEB67BF}"
EndProject
Project("{2150E333-8FDC-42A3-9474-1A3956D46DE8}") = "Presentation", "Presentation", "{CED6A29B-B585-4BD0-BBCE-6094981B7DA3}"
EndProject
Project("{2150E333-8FDC-42A3-9474-1A3956D46DE8}") = "Tests", "Tests", "{283F6D8C-9C0D-4496-A6B1-A00BF2A17C7F}"
EndProject
Project("{9A19103F-16F7-4668-BE54-9A1E7A4F7556}") = "Practica.Service.Tests", "Practica.Service.Tests\Practica.Service.Tests.csproj", "{69AF7D38-1D23-4B1C-B817-366FA99AD59C}"
EndProject
Global
	GlobalSection(SolutionConfigurationPlatforms) = preSolution
		Debug|Any CPU = Debug|Any CPU
		Release|Any CPU = Release|Any CPU
	EndGlobalSection
	GlobalSection(ProjectConfigurationPlatforms) = postSolution
		{3E532DCF-5646-4C98-B0BC-9D9F351E6516}.Debug|Any CPU.ActiveCfg = Debug|Any CPU
		{3E532DCF-5646-4C98-B0BC-9D9F351E6516}.Debug|Any CPU.Build.0 = Debug|Any CPU
		{3E532DCF-5646-4C98-B0BC-9D9F351E6516}.Release|Any CPU.ActiveCfg = Release|Any CPU
		{3E532DCF-5646-4C98-B0BC-9D9F351E6516}.Release|Any CPU.Build.0 = Release|Any CPU
		{E7567614-DC55-4383-9696-8D58998168ED}.Debug|Any CPU.ActiveCfg = Debug|Any CPU
		{E7567614-DC55-4383-9696-8D58998168ED}.Debug|Any CPU.Build.0 = Debug|Any CPU
		{E7567614-DC55-4383-9696-8D58998168ED}.Release|Any CPU.ActiveCfg = Release|Any CPU
		{E7567614-DC55-4383-9696-8D58998168ED}.Release|Any CPU.Build.0 = Release|Any CPU
		{ED34D6D2-A80F-4F61-9696-CFA6C101ED20}.Debug|Any CPU.ActiveCfg = Debug|Any CPU
		{ED34D6D2-A80F-4F61-9696-CFA6C101ED20}.Debug|Any CPU.Build.0 = Debug|Any CPU
		{ED34D6D2-A80F-4F61-9696-CFA6C101ED20}.Release|Any CPU.ActiveCfg = Release|Any CPU
		{ED34D6D2-A80F-4F61-9696-CFA6C101ED20}.Release|Any CPU.Build.0 = Release|Any CPU
		{9BE4A28B-0B98-40C1-976F-E8B3B802E5F0}.Debug|Any CPU.ActiveCfg = Debug|Any CPU
		{9BE4A28B-0B98-40C1-976F-E8B3B802E5F0}.Debug|Any CPU.Build.0 = Debug|Any CPU
		{9BE4A28B-0B98-40C1-976F-E8B3B802E5F0}.Release|Any CPU.ActiveCfg = Release|Any CPU
		{9BE4A28B-0B98-40C1-976F-E8B3B802E5F0}.Release|Any CPU.Build.0 = Release|Any CPU
		{69AF7D38-1D23-4B1C-B817-366FA99AD59C}.Debug|Any CPU.ActiveCfg = Debug|Any CPU
		{69AF7D38-1D23-4B1C-B817-366FA99AD59C}.Debug|Any CPU.Build.0 = Debug|Any CPU
		{69AF7D38-1D23-4B1C-B817-366FA99AD59C}.Release|Any CPU.ActiveCfg = Release|Any CPU
		{69AF7D38-1D23-4B1C-B817-366FA99AD59C}.Release|Any CPU.Build.0 = Release|Any CPU
	EndGlobalSection
	GlobalSection(SolutionProperties) = preSolution
		HideSolutionNode = FALSE
	EndGlobalSection
	GlobalSection(NestedProjects) = preSolution
		{3E532DCF-5646-4C98-B0BC-9D9F351E6516} = {CED6A29B-B585-4BD0-BBCE-6094981B7DA3}
		{E7567614-DC55-4383-9696-8D58998168ED} = {2123633A-8D9D-414C-B05B-14177BEB67BF}
		{ED34D6D2-A80F-4F61-9696-CFA6C101ED20} = {2123633A-8D9D-414C-B05B-14177BEB67BF}
		{9BE4A28B-0B98-40C1-976F-E8B3B802E5F0} = {2123633A-8D9D-414C-B05B-14177BEB67BF}
		{69AF7D38-1D23-4B1C-B817-366FA99AD59C} = {283F6D8C-9C0D-4496-A6B1-A00BF2A17C7F}
	EndGlobalSection
	GlobalSection(ExtensibilityGlobals) = postSolution
		SolutionGuid = {2CAD21BE-1E2A-4D0F-A175-039FF173D41D}
	EndGlobalSection
EndGlobal
